
Microsoft Visual Studio Solution File, Format Version 12.00
# Visual Studio Version 16
VisualStudioVersion = 16.0.31702.278
MinimumVisualStudioVersion = 10.0.40219.1
Project("{2150E333-8FDC-42A3-9474-1A3956D46DE8}") = "Services", "Services", "{2D44CA4E-1C68-4BED-922C-8CA8C4AD6DFD}"
EndProject
Project("{2150E333-8FDC-42A3-9474-1A3956D46DE8}") = "Person", "Person", "{7C0E02B5-0978-4A8C-A616-09ADB2662823}"
EndProject
Project("{FAE04EC0-301F-11D3-BF4B-00C04F79EFBC}") = "Person.API", "Services\Person\Person.API\Person.API.csproj", "{289721A6-FD1C-45AA-806F-2D2DA91A4EF4}"
EndProject
Project("{FAE04EC0-301F-11D3-BF4B-00C04F79EFBC}") = "Person.Domain", "Services\Person\Person.Domain\Person.Domain.csproj", "{07B386D4-3646-41BD-B9E0-F4EBE99ABF42}"
EndProject
Project("{FAE04EC0-301F-11D3-BF4B-00C04F79EFBC}") = "Person.Application", "Services\Person\Person.Application\Person.Application.csproj", "{121BDB00-A6BB-4B47-8F26-A8DCF1A26D6F}"
EndProject
Project("{FAE04EC0-301F-11D3-BF4B-00C04F79EFBC}") = "Person.Infrastructure", "Services\Person\Person.Infrastructure\Person.Infrastructure.csproj", "{61D7E350-ADDF-4417-A323-2DD7370A908C}"
EndProject
Global
	GlobalSection(SolutionConfigurationPlatforms) = preSolution
		Debug|Any CPU = Debug|Any CPU
		Release|Any CPU = Release|Any CPU
	EndGlobalSection
	GlobalSection(ProjectConfigurationPlatforms) = postSolution
		{289721A6-FD1C-45AA-806F-2D2DA91A4EF4}.Debug|Any CPU.ActiveCfg = Debug|Any CPU
		{289721A6-FD1C-45AA-806F-2D2DA91A4EF4}.Debug|Any CPU.Build.0 = Debug|Any CPU
		{289721A6-FD1C-45AA-806F-2D2DA91A4EF4}.Release|Any CPU.ActiveCfg = Release|Any CPU
		{289721A6-FD1C-45AA-806F-2D2DA91A4EF4}.Release|Any CPU.Build.0 = Release|Any CPU
		{07B386D4-3646-41BD-B9E0-F4EBE99ABF42}.Debug|Any CPU.ActiveCfg = Debug|Any CPU
		{07B386D4-3646-41BD-B9E0-F4EBE99ABF42}.Debug|Any CPU.Build.0 = Debug|Any CPU
		{07B386D4-3646-41BD-B9E0-F4EBE99ABF42}.Release|Any CPU.ActiveCfg = Release|Any CPU
		{07B386D4-3646-41BD-B9E0-F4EBE99ABF42}.Release|Any CPU.Build.0 = Release|Any CPU
		{121BDB00-A6BB-4B47-8F26-A8DCF1A26D6F}.Debug|Any CPU.ActiveCfg = Debug|Any CPU
		{121BDB00-A6BB-4B47-8F26-A8DCF1A26D6F}.Debug|Any CPU.Build.0 = Debug|Any CPU
		{121BDB00-A6BB-4B47-8F26-A8DCF1A26D6F}.Release|Any CPU.ActiveCfg = Release|Any CPU
		{121BDB00-A6BB-4B47-8F26-A8DCF1A26D6F}.Release|Any CPU.Build.0 = Release|Any CPU
		{61D7E350-ADDF-4417-A323-2DD7370A908C}.Debug|Any CPU.ActiveCfg = Debug|Any CPU
		{61D7E350-ADDF-4417-A323-2DD7370A908C}.Debug|Any CPU.Build.0 = Debug|Any CPU
		{61D7E350-ADDF-4417-A323-2DD7370A908C}.Release|Any CPU.ActiveCfg = Release|Any CPU
		{61D7E350-ADDF-4417-A323-2DD7370A908C}.Release|Any CPU.Build.0 = Release|Any CPU
	EndGlobalSection
	GlobalSection(SolutionProperties) = preSolution
		HideSolutionNode = FALSE
	EndGlobalSection
	GlobalSection(NestedProjects) = preSolution
		{7C0E02B5-0978-4A8C-A616-09ADB2662823} = {2D44CA4E-1C68-4BED-922C-8CA8C4AD6DFD}
		{289721A6-FD1C-45AA-806F-2D2DA91A4EF4} = {7C0E02B5-0978-4A8C-A616-09ADB2662823}
		{07B386D4-3646-41BD-B9E0-F4EBE99ABF42} = {7C0E02B5-0978-4A8C-A616-09ADB2662823}
		{121BDB00-A6BB-4B47-8F26-A8DCF1A26D6F} = {7C0E02B5-0978-4A8C-A616-09ADB2662823}
		{61D7E350-ADDF-4417-A323-2DD7370A908C} = {7C0E02B5-0978-4A8C-A616-09ADB2662823}
	EndGlobalSection
	GlobalSection(ExtensibilityGlobals) = postSolution
		SolutionGuid = {287C0D3C-CDCF-45F8-8909-5A19BB801ADE}
	EndGlobalSection
EndGlobal
